Microsoft Visual Studio Solution File, Format Version 8.00
Project("{FAE04EC0-301F-11D3-BF4B-00C04F79EFBC}") = "InfoBox", "InfoBox\InfoBox.csproj", "{76C2491C-694D-454E-AB06-6C31C49C69D4}"
	ProjectSection(ProjectDependencies) = postProject
	EndProjectSection
EndProject
Project("{FAE04EC0-301F-11D3-BF4B-00C04F79EFBC}") = "InfoBox.Test", "InfoBox.Test\InfoBox.Test.csproj", "{4DAE5B95-3C38-4EF6-9716-3CB6AD3677C9}"
	ProjectSection(ProjectDependencies) = postProject
	EndProjectSection
EndProject
Global
	GlobalSection(SourceCodeControl) = preSolution
		SccNumberOfProjects = 3
		SccLocalPath0 = .
		CanCheckoutShared = true
		SolutionUniqueID = {B62160AA-7590-4306-86A1-E06605F6E7A7}
		SccProjectUniqueName1 = InfoBox\\InfoBox.csproj
		SccProjectName1 = $/InfoBox/1.1/InfoBox
		SccLocalPath1 = InfoBox
		CanCheckoutShared = true
		SccProjectUniqueName2 = InfoBox.Test\\InfoBox.Test.csproj
		SccProjectName2 = $/InfoBox/1.1/InfoBox.Test
		SccLocalPath2 = InfoBox.Test
		CanCheckoutShared = true
	EndGlobalSection
	GlobalSection(SolutionConfiguration) = preSolution
		Debug = Debug
		Release = Release
	EndGlobalSection
	GlobalSection(ProjectConfiguration) = postSolution
		{76C2491C-694D-454E-AB06-6C31C49C69D4}.Debug.ActiveCfg = Debug|.NET
		{76C2491C-694D-454E-AB06-6C31C49C69D4}.Debug.Build.0 = Debug|.NET
		{76C2491C-694D-454E-AB06-6C31C49C69D4}.Release.ActiveCfg = Release|.NET
		{76C2491C-694D-454E-AB06-6C31C49C69D4}.Release.Build.0 = Release|.NET
		{4DAE5B95-3C38-4EF6-9716-3CB6AD3677C9}.Debug.ActiveCfg = Debug|.NET
		{4DAE5B95-3C38-4EF6-9716-3CB6AD3677C9}.Debug.Build.0 = Debug|.NET
		{4DAE5B95-3C38-4EF6-9716-3CB6AD3677C9}.Release.ActiveCfg = Release|.NET
		{4DAE5B95-3C38-4EF6-9716-3CB6AD3677C9}.Release.Build.0 = Release|.NET
	EndGlobalSection
	GlobalSection(ExtensibilityGlobals) = postSolution
	EndGlobalSection
	GlobalSection(ExtensibilityAddIns) = postSolution
	EndGlobalSection
EndGlobal
