Microsoft Visual Studio Solution File, Format Version 10.00
# Visual Studio 2008
Project("{FAE04EC0-301F-11D3-BF4B-00C04F79EFBC}") = "InfoBox", "InfoBox\InfoBox.csproj", "{18B58CA4-E470-4EB4-AC2B-52BECAFE0B53}"
EndProject
Project("{FAE04EC0-301F-11D3-BF4B-00C04F79EFBC}") = "InfoBox.Designer", "InfoBox.Designer\InfoBox.Designer.csproj", "{2EFBB177-E826-47B4-8028-D124ECFAAE05}"
EndProject
Project("{2150E333-8FDC-42A3-9474-1A3956D46DE8}") = "InstallerFiles", "InstallerFiles", "{04FDC672-3496-4AF2-AB85-34FD1AECB6AC}"
	ProjectSection(SolutionItems) = preProject
		Help.ndoc = Help.ndoc
		Installer.nsi = Installer.nsi
		license.txt = license.txt
		Logo.bmp = Logo.bmp
	EndProjectSection
EndProject
Global
	GlobalSection(TeamFoundationVersionControl) = preSolution
		SccNumberOfProjects = 3
		SccEnterpriseProvider = {4CA58AB2-18FA-4F8D-95D4-32DDF27D184C}
		SccTeamFoundationServer = https://tfs03.codeplex.com/
		SccLocalPath0 = .
		SccProjectUniqueName1 = InfoBox\\InfoBox.csproj
		SccProjectName1 = InfoBox
		SccLocalPath1 = InfoBox
		SccProjectUniqueName2 = InfoBox.Designer\\InfoBox.Designer.csproj
		SccProjectName2 = InfoBox.Designer
		SccLocalPath2 = InfoBox.Designer
	EndGlobalSection
	GlobalSection(SolutionConfigurationPlatforms) = preSolution
		Debug|Any CPU = Debug|Any CPU
		Release|Any CPU = Release|Any CPU
	EndGlobalSection
	GlobalSection(ProjectConfigurationPlatforms) = postSolution
		{18B58CA4-E470-4EB4-AC2B-52BECAFE0B53}.Debug|Any CPU.ActiveCfg = Debug|Any CPU
		{18B58CA4-E470-4EB4-AC2B-52BECAFE0B53}.Debug|Any CPU.Build.0 = Debug|Any CPU
		{18B58CA4-E470-4EB4-AC2B-52BECAFE0B53}.Release|Any CPU.ActiveCfg = Release|Any CPU
		{18B58CA4-E470-4EB4-AC2B-52BECAFE0B53}.Release|Any CPU.Build.0 = Release|Any CPU
		{2EFBB177-E826-47B4-8028-D124ECFAAE05}.Debug|Any CPU.ActiveCfg = Debug|Any CPU
		{2EFBB177-E826-47B4-8028-D124ECFAAE05}.Debug|Any CPU.Build.0 = Debug|Any CPU
		{2EFBB177-E826-47B4-8028-D124ECFAAE05}.Release|Any CPU.ActiveCfg = Release|Any CPU
		{2EFBB177-E826-47B4-8028-D124ECFAAE05}.Release|Any CPU.Build.0 = Release|Any CPU
	EndGlobalSection
	GlobalSection(SolutionProperties) = preSolution
		HideSolutionNode = FALSE
	EndGlobalSection
EndGlobal
